# This file is automatically @generated by Cargo.
# It is not intended for manual editing.
[[package]]
name = "cargo_equip_marker"
version = "0.1.1"
source = "registry+https://github.com/rust-lang/crates.io-index"
checksum = "255620dea3615d00a16ba1b96ec6b4832f5113ee5c3f10618d652257cbab2081"

[[package]]
name = "lib"
version = "0.0.0"

[[package]]
name = "library-checker"
version = "0.0.0"
dependencies = [
 "cargo_equip_marker",
 "lib",
]
