# This file is automatically @generated by Cargo.
# It is not intended for manual editing.
[[package]]
name = "cargo_equip_marker"
version = "0.1.0"
source = "registry+https://github.com/rust-lang/crates.io-index"
checksum = "350b5614a2e2782652bc3df5b0b5bde43b8e10c24c63f3da74deeddf16454010"

[[package]]
name = "lib"
version = "0.0.0"

[[package]]
name = "library-checker"
version = "0.0.0"
dependencies = [
 "cargo_equip_marker",
 "lib",
]
